// !$*UTF8*$!
{
	archiveVersion = 1;
	classes = {
	};
	objectVersion = 50;
	objects = {

/* Begin PBXBuildFile section */
		221C87D720B51B170016C27F /* AppDelegate.swift in Sources */ = {isa = PBXBuildFile; fileRef = 221C87D620B51B170016C27F /* AppDelegate.swift */; };
		221C87D920B51B170016C27F /* ViewController.swift in Sources */ = {isa = PBXBuildFile; fileRef = 221C87D820B51B170016C27F /* ViewController.swift */; };
		221C87DC20B51B170016C27F /* Main.storyboard in Resources */ = {isa = PBXBuildFile; fileRef = 221C87DA20B51B170016C27F /* Main.storyboard */; };
		221C87DE20B51B1B0016C27F /* Assets.xcassets in Resources */ = {isa = PBXBuildFile; fileRef = 221C87DD20B51B1B0016C27F /* Assets.xcassets */; };
		221C87E120B51B1B0016C27F /* LaunchScreen.storyboard in Resources */ = {isa = PBXBuildFile; fileRef = 221C87DF20B51B1B0016C27F /* LaunchScreen.storyboard */; };
		2248FAC020BA22CC008D8C89 /* UICard.swift in Sources */ = {isa = PBXBuildFile; fileRef = 2248FABF20BA22CC008D8C89 /* UICard.swift */; };
		2248FAC220BC6B91008D8C89 /* Theme.swift in Sources */ = {isa = PBXBuildFile; fileRef = 2248FAC120BC6B91008D8C89 /* Theme.swift */; };
		22AA4304213632F4007D5130 /* IntExtension.swift in Sources */ = {isa = PBXBuildFile; fileRef = 22AA4303213632F4007D5130 /* IntExtension.swift */; };
		22AA430E21363F66007D5130 /* ArrayExtension.swift in Sources */ = {isa = PBXBuildFile; fileRef = 22AA430B21363F65007D5130 /* ArrayExtension.swift */; };
		22AA430F21363F66007D5130 /* CollectionExtension.swift in Sources */ = {isa = PBXBuildFile; fileRef = 22AA430C21363F65007D5130 /* CollectionExtension.swift */; };
		22AA431021363F66007D5130 /* UIButtonExtension.swift in Sources */ = {isa = PBXBuildFile; fileRef = 22AA430D21363F66007D5130 /* UIButtonExtension.swift */; };
		22D0AE4620B673F500BEA511 /* Concentration.swift in Sources */ = {isa = PBXBuildFile; fileRef = 22D0AE4520B673F500BEA511 /* Concentration.swift */; };
		22D0AE4820B674AE00BEA511 /* Card.swift in Sources */ = {isa = PBXBuildFile; fileRef = 22D0AE4720B674AE00BEA511 /* Card.swift */; };
/* End PBXBuildFile section */

/* Begin PBXFileReference section */
		221C87D320B51B170016C27F /* Concentration.app */ = {isa = PBXFileReference; explicitFileType = wrapper.application; includeInIndex = 0; path = Concentration.app; sourceTree = BUILT_PRODUCTS_DIR; };
		221C87D620B51B170016C27F /* AppDelegate.swift */ = {isa = PBXFileReference; lastKnownFileType = sourcecode.swift; path = AppDelegate.swift; sourceTree = "<group>"; };
		221C87D820B51B170016C27F /* ViewController.swift */ = {isa = PBXFileReference; lastKnownFileType = sourcecode.swift; path = ViewController.swift; sourceTree = "<group>"; };
		221C87DB20B51B170016C27F /* Base */ = {isa = PBXFileReference; lastKnownFileType = file.storyboard; name = Base; path = Base.lproj/Main.storyboard; sourceTree = "<group>"; };
		221C87DD20B51B1B0016C27F /* Assets.xcassets */ = {isa = PBXFileReference; lastKnownFileType = folder.assetcatalog; path = Assets.xcassets; sourceTree = "<group>"; };
		221C87E020B51B1B0016C27F /* Base */ = {isa = PBXFileReference; lastKnownFileType = file.storyboard; name = Base; path = Base.lproj/LaunchScreen.storyboard; sourceTree = "<group>"; };
		221C87E220B51B1B0016C27F /* Info.plist */ = {isa = PBXFileReference; lastKnownFileType = text.plist.xml; path = Info.plist; sourceTree = "<group>"; };
		2248FABF20BA22CC008D8C89 /* UICard.swift */ = {isa = PBXFileReference; lastKnownFileType = sourcecode.swift; path = UICard.swift; sourceTree = "<group>"; };
		2248FAC120BC6B91008D8C89 /* Theme.swift */ = {isa = PBXFileReference; lastKnownFileType = sourcecode.swift; path = Theme.swift; sourceTree = "<group>"; };
		22AA4303213632F4007D5130 /* IntExtension.swift */ = {isa = PBXFileReference; lastKnownFileType = sourcecode.swift; name = IntExtension.swift; path = Concentration/Extensions/IntExtension.swift; sourceTree = SOURCE_ROOT; };
		22AA430B21363F65007D5130 /* ArrayExtension.swift */ = {isa = PBXFileReference; fileEncoding = 4; lastKnownFileType = sourcecode.swift; name = ArrayExtension.swift; path = Concentration/Extensions/ArrayExtension.swift; sourceTree = SOURCE_ROOT; };
		22AA430C21363F65007D5130 /* CollectionExtension.swift */ = {isa = PBXFileReference; fileEncoding = 4; lastKnownFileType = sourcecode.swift; name = CollectionExtension.swift; path = Concentration/Extensions/CollectionExtension.swift; sourceTree = SOURCE_ROOT; };
		22AA430D21363F66007D5130 /* UIButtonExtension.swift */ = {isa = PBXFileReference; fileEncoding = 4; lastKnownFileType = sourcecode.swift; name = UIButtonExtension.swift; path = Concentration/Extensions/UIButtonExtension.swift; sourceTree = SOURCE_ROOT; };
		22D0AE4520B673F500BEA511 /* Concentration.swift */ = {isa = PBXFileReference; lastKnownFileType = sourcecode.swift; path = Concentration.swift; sourceTree = "<group>"; };
		22D0AE4720B674AE00BEA511 /* Card.swift */ = {isa = PBXFileReference; lastKnownFileType = sourcecode.swift; path = Card.swift; sourceTree = "<group>"; };
/* End PBXFileReference section */

/* Begin PBXFrameworksBuildPhase section */
		221C87D020B51B170016C27F /* Frameworks */ = {
			isa = PBXFrameworksBuildPhase;
			buildActionMask = 2147483647;
			files = (
			);
			runOnlyForDeploymentPostprocessing = 0;
		};
/* End PBXFrameworksBuildPhase section */

/* Begin PBXGroup section */
		221C87CA20B51B170016C27F = {
			isa = PBXGroup;
			children = (
				221C87D520B51B170016C27F /* Concentration */,
				221C87D420B51B170016C27F /* Products */,
			);
			sourceTree = "<group>";
		};
		221C87D420B51B170016C27F /* Products */ = {
			isa = PBXGroup;
			children = (
				221C87D320B51B170016C27F /* Concentration.app */,
			);
			name = Products;
			sourceTree = "<group>";
		};
		221C87D520B51B170016C27F /* Concentration */ = {
			isa = PBXGroup;
			children = (
				22AA4302213632D7007D5130 /* Extensions */,
				221C87E820B51D0B0016C27F /* Supporting Files */,
				221C87D820B51B170016C27F /* ViewController.swift */,
				221C87DA20B51B170016C27F /* Main.storyboard */,
				221C87E220B51B1B0016C27F /* Info.plist */,
				22D0AE4520B673F500BEA511 /* Concentration.swift */,
				22D0AE4720B674AE00BEA511 /* Card.swift */,
				2248FABF20BA22CC008D8C89 /* UICard.swift */,
				2248FAC120BC6B91008D8C89 /* Theme.swift */,
			);
			path = Concentration;
			sourceTree = "<group>";
		};
		221C87E820B51D0B0016C27F /* Supporting Files */ = {
			isa = PBXGroup;
			children = (
				221C87D620B51B170016C27F /* AppDelegate.swift */,
				221C87DD20B51B1B0016C27F /* Assets.xcassets */,
				221C87DF20B51B1B0016C27F /* LaunchScreen.storyboard */,
			);
			path = "Supporting Files";
			sourceTree = "<group>";
		};
		22AA4302213632D7007D5130 /* Extensions */ = {
			isa = PBXGroup;
			children = (
				22AA430B21363F65007D5130 /* ArrayExtension.swift */,
				22AA430C21363F65007D5130 /* CollectionExtension.swift */,
				22AA430D21363F66007D5130 /* UIButtonExtension.swift */,
				22AA4303213632F4007D5130 /* IntExtension.swift */,
			);
			name = Extensions;
			path = "New Group";
			sourceTree = "<group>";
		};
/* End PBXGroup section */

/* Begin PBXNativeTarget section */
		221C87D220B51B170016C27F /* Concentration */ = {
			isa = PBXNativeTarget;
			buildConfigurationList = 221C87E520B51B1B0016C27F /* Build configuration list for PBXNativeTarget "Concentration" */;
			buildPhases = (
				221C87CF20B51B170016C27F /* Sources */,
				221C87D020B51B170016C27F /* Frameworks */,
				221C87D120B51B170016C27F /* Resources */,
			);
			buildRules = (
			);
			dependencies = (
			);
			name = Concentration;
			productName = Concentration;
			productReference = 221C87D320B51B170016C27F /* Concentration.app */;
			productType = "com.apple.product-type.application";
		};
/* End PBXNativeTarget section */

/* Begin PBXProject section */
		221C87CB20B51B170016C27F /* Project object */ = {
			isa = PBXProject;
			attributes = {
				LastSwiftUpdateCheck = 0930;
				LastUpgradeCheck = 0930;
				ORGANIZATIONNAME = "Tim West";
				TargetAttributes = {
					221C87D220B51B170016C27F = {
						CreatedOnToolsVersion = 9.3.1;
					};
				};
			};
			buildConfigurationList = 221C87CE20B51B170016C27F /* Build configuration list for PBXProject "Concentration" */;
			compatibilityVersion = "Xcode 9.3";
			developmentRegion = en;
			hasScannedForEncodings = 0;
			knownRegions = (
				en,
				Base,
			);
			mainGroup = 221C87CA20B51B170016C27F;
			productRefGroup = 221C87D420B51B170016C27F /* Products */;
			projectDirPath = "";
			projectRoot = "";
			targets = (
				221C87D220B51B170016C27F /* Concentration */,
			);
		};
/* End PBXProject section */

/* Begin PBXResourcesBuildPhase section */
		221C87D120B51B170016C27F /* Resources */ = {
			isa = PBXResourcesBuildPhase;
			buildActionMask = 2147483647;
			files = (
				221C87E120B51B1B0016C27F /* LaunchScreen.storyboard in Resources */,
				221C87DE20B51B1B0016C27F /* Assets.xcassets in Resources */,
				221C87DC20B51B170016C27F /* Main.storyboard in Resources */,
			);
			runOnlyForDeploymentPostprocessing = 0;
		};
/* End PBXResourcesBuildPhase section */

/* Begin PBXSourcesBuildPhase section */
		221C87CF20B51B170016C27F /* Sources */ = {
			isa = PBXSourcesBuildPhase;
			buildActionMask = 2147483647;
			files = (
				221C87D920B51B170016C27F /* ViewController.swift in Sources */,
				2248FAC020BA22CC008D8C89 /* UICard.swift in Sources */,
				22AA4304213632F4007D5130 /* IntExtension.swift in Sources */,
				22AA430F21363F66007D5130 /* CollectionExtension.swift in Sources */,
				221C87D720B51B170016C27F /* AppDelegate.swift in Sources */,
				22AA431021363F66007D5130 /* UIButtonExtension.swift in Sources */,
				2248FAC220BC6B91008D8C89 /* Theme.swift in Sources */,
				22D0AE4620B673F500BEA511 /* Concentration.swift in Sources */,
				22D0AE4820B674AE00BEA511 /* Card.swift in Sources */,
				22AA430E21363F66007D5130 /* ArrayExtension.swift in Sources */,
			);
			runOnlyForDeploymentPostprocessing = 0;
		};
/* End PBXSourcesBuildPhase section */

/* Begin PBXVariantGroup section */
		221C87DA20B51B170016C27F /* Main.storyboard */ = {
			isa = PBXVariantGroup;
			children = (
				221C87DB20B51B170016C27F /* Base */,
			);
			name = Main.storyboard;
			sourceTree = "<group>";
		};
		221C87DF20B51B1B0016C27F /* LaunchScreen.storyboard */ = {
			isa = PBXVariantGroup;
			children = (
				221C87E020B51B1B0016C27F /* Base */,
			);
			name = LaunchScreen.storyboard;
			sourceTree = "<group>";
		};
/* End PBXVariantGroup section */

/* Begin XCBuildConfiguration section */
		221C87E320B51B1B0016C27F /* Debug */ = {
			isa = XCBuildConfiguration;
			buildSettings = {
				ALWAYS_SEARCH_USER_PATHS = NO;
				CLANG_ANALYZER_NONNULL = YES;
				CLANG_ANALYZER_NUMBER_OBJECT_CONVERSION = YES_AGGRESSIVE;
				CLANG_CXX_LANGUAGE_STANDARD = "gnu++14";
				CLANG_CXX_LIBRARY = "libc++";
				CLANG_ENABLE_MODULES = YES;
				CLANG_ENABLE_OBJC_ARC = YES;
				CLANG_ENABLE_OBJC_WEAK = YES;
				CLANG_WARN_BLOCK_CAPTURE_AUTORELEASING = YES;
				CLANG_WARN_BOOL_CONVERSION = YES;
				CLANG_WARN_COMMA = YES;
				CLANG_WARN_CONSTANT_CONVERSION = YES;
				CLANG_WARN_DEPRECATED_OBJC_IMPLEMENTATIONS = YES;
				CLANG_WARN_DIRECT_OBJC_ISA_USAGE = YES_ERROR;
				CLANG_WARN_DOCUMENTATION_COMMENTS = YES;
				CLANG_WARN_EMPTY_BODY = YES;
				CLANG_WARN_ENUM_CONVERSION = YES;
				CLANG_WARN_INFINITE_RECURSION = YES;
				CLANG_WARN_INT_CONVERSION = YES;
				CLANG_WARN_NON_LITERAL_NULL_CONVERSION = YES;
				CLANG_WARN_OBJC_IMPLICIT_RETAIN_SELF = YES;
				CLANG_WARN_OBJC_LITERAL_CONVERSION = YES;
				CLANG_WARN_OBJC_ROOT_CLASS = YES_ERROR;
				CLANG_WARN_RANGE_LOOP_ANALYSIS = YES;
				CLANG_WARN_STRICT_PROTOTYPES = YES;
				CLANG_WARN_SUSPICIOUS_MOVE = YES;
				CLANG_WARN_UNGUARDED_AVAILABILITY = YES_AGGRESSIVE;
				CLANG_WARN_UNREACHABLE_CODE = YES;
				CLANG_WARN__DUPLICATE_METHOD_MATCH = YES;
				CODE_SIGN_IDENTITY = "iPhone Developer";
				COPY_PHASE_STRIP = NO;
				DEBUG_INFORMATION_FORMAT = dwarf;
				ENABLE_STRICT_OBJC_MSGSEND = YES;
				ENABLE_TESTABILITY = YES;
				GCC_C_LANGUAGE_STANDARD = gnu11;
				GCC_DYNAMIC_NO_PIC = NO;
				GCC_NO_COMMON_BLOCKS = YES;
				GCC_OPTIMIZATION_LEVEL = 0;
				GCC_PREPROCESSOR_DEFINITIONS = (
					"DEBUG=1",
					"$(inherited)",
				);
				GCC_WARN_64_TO_32_BIT_CONVERSION = YES;
				GCC_WARN_ABOUT_RETURN_TYPE = YES_ERROR;
				GCC_WARN_UNDECLARED_SELECTOR = YES;
				GCC_WARN_UNINITIALIZED_AUTOS = YES_AGGRESSIVE;
				GCC_WARN_UNUSED_FUNCTION = YES;
				GCC_WARN_UNUSED_VARIABLE = YES;
				IPHONEOS_DEPLOYMENT_TARGET = 11.3;
				MTL_ENABLE_DEBUG_INFO = YES;
				ONLY_ACTIVE_ARCH = YES;
				SDKROOT = iphoneos;
				SWIFT_ACTIVE_COMPILATION_CONDITIONS = DEBUG;
				SWIFT_OPTIMIZATION_LEVEL = "-Onone";
			};
			name = Debug;
		};
		221C87E420B51B1B0016C27F /* Release */ = {
			isa = XCBuildConfiguration;
			buildSettings = {
				ALWAYS_SEARCH_USER_PATHS = NO;
				CLANG_ANALYZER_NONNULL = YES;
				CLANG_ANALYZER_NUMBER_OBJECT_CONVERSION = YES_AGGRESSIVE;
				CLANG_CXX_LANGUAGE_STANDARD = "gnu++14";
				CLANG_CXX_LIBRARY = "libc++";
				CLANG_ENABLE_MODULES = YES;
				CLANG_ENABLE_OBJC_ARC = YES;
				CLANG_ENABLE_OBJC_WEAK = YES;
				CLANG_WARN_BLOCK_CAPTURE_AUTORELEASING = YES;
				CLANG_WARN_BOOL_CONVERSION = YES;
				CLANG_WARN_COMMA = YES;
				CLANG_WARN_CONSTANT_CONVERSION = YES;
				CLANG_WARN_DEPRECATED_OBJC_IMPLEMENTATIONS = YES;
				CLANG_WARN_DIRECT_OBJC_ISA_USAGE = YES_ERROR;
				CLANG_WARN_DOCUMENTATION_COMMENTS = YES;
				CLANG_WARN_EMPTY_BODY = YES;
				CLANG_WARN_ENUM_CONVERSION = YES;
				CLANG_WARN_INFINITE_RECURSION = YES;
				CLANG_WARN_INT_CONVERSION = YES;
				CLANG_WARN_NON_LITERAL_NULL_CONVERSION = YES;
				CLANG_WARN_OBJC_IMPLICIT_RETAIN_SELF = YES;
				CLANG_WARN_OBJC_LITERAL_CONVERSION = YES;
				CLANG_WARN_OBJC_ROOT_CLASS = YES_ERROR;
				CLANG_WARN_RANGE_LOOP_ANALYSIS = YES;
				CLANG_WARN_STRICT_PROTOTYPES = YES;
				CLANG_WARN_SUSPICIOUS_MOVE = YES;
				CLANG_WARN_UNGUARDED_AVAILABILITY = YES_AGGRESSIVE;
				CLANG_WARN_UNREACHABLE_CODE = YES;
				CLANG_WARN__DUPLICATE_METHOD_MATCH = YES;
				CODE_SIGN_IDENTITY = "iPhone Developer";
				COPY_PHASE_STRIP = NO;
				DEBUG_INFORMATION_FORMAT = "dwarf-with-dsym";
				ENABLE_NS_ASSERTIONS = NO;
				ENABLE_STRICT_OBJC_MSGSEND = YES;
				GCC_C_LANGUAGE_STANDARD = gnu11;
				GCC_NO_COMMON_BLOCKS = YES;
				GCC_WARN_64_TO_32_BIT_CONVERSION = YES;
				GCC_WARN_ABOUT_RETURN_TYPE = YES_ERROR;
				GCC_WARN_UNDECLARED_SELECTOR = YES;
				GCC_WARN_UNINITIALIZED_AUTOS = YES_AGGRESSIVE;
				GCC_WARN_UNUSED_FUNCTION = YES;
				GCC_WARN_UNUSED_VARIABLE = YES;
				IPHONEOS_DEPLOYMENT_TARGET = 11.3;
				MTL_ENABLE_DEBUG_INFO = NO;
				SDKROOT = iphoneos;
				SWIFT_COMPILATION_MODE = wholemodule;
				SWIFT_OPTIMIZATION_LEVEL = "-O";
				VALIDATE_PRODUCT = YES;
			};
			name = Release;
		};
		221C87E620B51B1B0016C27F /* Debug */ = {
			isa = XCBuildConfiguration;
			buildSettings = {
				ASSETCATALOG_COMPILER_APPICON_NAME = AppIcon;
				CODE_SIGN_STYLE = Automatic;
				DEVELOPMENT_TEAM = S34J8E5ARN;
				INFOPLIST_FILE = Concentration/Info.plist;
				IPHONEOS_DEPLOYMENT_TARGET = 11.4;
				LD_RUNPATH_SEARCH_PATHS = (
					"$(inherited)",
					"@executable_path/Frameworks",
				);
				PRODUCT_BUNDLE_IDENTIFIER = com.tim.Concentration;
				PRODUCT_NAME = "$(TARGET_NAME)";
				SWIFT_VERSION = 4.0;
				TARGETED_DEVICE_FAMILY = "1,2";
			};
			name = Debug;
		};
		221C87E720B51B1B0016C27F /* Release */ = {
			isa = XCBuildConfiguration;
			buildSettings = {
				ASSETCATALOG_COMPILER_APPICON_NAME = AppIcon;
				CODE_SIGN_STYLE = Automatic;
				DEVELOPMENT_TEAM = S34J8E5ARN;
				INFOPLIST_FILE = Concentration/Info.plist;
				IPHONEOS_DEPLOYMENT_TARGET = 11.4;
				LD_RUNPATH_SEARCH_PATHS = (
					"$(inherited)",
					"@executable_path/Frameworks",
				);
				PRODUCT_BUNDLE_IDENTIFIER = com.tim.Concentration;
				PRODUCT_NAME = "$(TARGET_NAME)";
				SWIFT_VERSION = 4.0;
				TARGETED_DEVICE_FAMILY = "1,2";
			};
			name = Release;
		};
/* End XCBuildConfiguration section */

/* Begin XCConfigurationList section */
		221C87CE20B51B170016C27F /* Build configuration list for PBXProject "Concentration" */ = {
			isa = XCConfigurationList;
			buildConfigurations = (
				221C87E320B51B1B0016C27F /* Debug */,
				221C87E420B51B1B0016C27F /* Release */,
			);
			defaultConfigurationIsVisible = 0;
			defaultConfigurationName = Release;
		};
		221C87E520B51B1B0016C27F /* Build configuration list for PBXNativeTarget "Concentration" */ = {
			isa = XCConfigurationList;
			buildConfigurations = (
				221C87E620B51B1B0016C27F /* Debug */,
				221C87E720B51B1B0016C27F /* Release */,
			);
			defaultConfigurationIsVisible = 0;
			defaultConfigurationName = Release;
		};
/* End XCConfigurationList section */
	};
	rootObject = 221C87CB20B51B170016C27F /* Project object */;
}
